
Microsoft Visual Studio Solution File, Format Version 12.00
# Visual Studio 15
VisualStudioVersion = 15.0.27428.2002
MinimumVisualStudioVersion = 10.0.40219.1
Project("{FAE04EC0-301F-11D3-BF4B-00C04F79EFBC}") = "ClassicArcade1", "ClassicArcade1\ClassicArcade1.csproj", "{D1DFD43D-6FC6-4D76-95BF-153BB5026D3D}"
EndProject
Global
	GlobalSection(SolutionConfigurationPlatforms) = preSolution
		Debug|Any CPU = Debug|Any CPU
		Release|Any CPU = Release|Any CPU
	EndGlobalSection
	GlobalSection(ProjectConfigurationPlatforms) = postSolution
		{D1DFD43D-6FC6-4D76-95BF-153BB5026D3D}.Debug|Any CPU.ActiveCfg = Debug|Any CPU
		{D1DFD43D-6FC6-4D76-95BF-153BB5026D3D}.Debug|Any CPU.Build.0 = Debug|Any CPU
		{D1DFD43D-6FC6-4D76-95BF-153BB5026D3D}.Release|Any CPU.ActiveCfg = Release|Any CPU
		{D1DFD43D-6FC6-4D76-95BF-153BB5026D3D}.Release|Any CPU.Build.0 = Release|Any CPU
	EndGlobalSection
	GlobalSection(SolutionProperties) = preSolution
		HideSolutionNode = FALSE
	EndGlobalSection
	GlobalSection(ExtensibilityGlobals) = postSolution
		SolutionGuid = {2016B4B4-4FBA-437B-8E5E-623A36294419}
	EndGlobalSection
EndGlobal
